
Microsoft Visual Studio Solution File, Format Version 11.00
# Visual Studio 2010
# SharpDevelop 5.1
Project("{FAE04EC0-301F-11D3-BF4B-00C04F79EFBC}") = "TestJs", "TestJs\TestJs.csproj", "{FCB8CF30-866B-46F1-90A5-C3D1ECB12DAA}"
EndProject
Global
	GlobalSection(SolutionConfigurationPlatforms) = preSolution
		Debug|Any CPU = Debug|Any CPU
		Release|Any CPU = Release|Any CPU
	EndGlobalSection
	GlobalSection(ProjectConfigurationPlatforms) = postSolution
		{FCB8CF30-866B-46F1-90A5-C3D1ECB12DAA}.Debug|Any CPU.ActiveCfg = Debug|Any CPU
		{FCB8CF30-866B-46F1-90A5-C3D1ECB12DAA}.Debug|Any CPU.Build.0 = Debug|Any CPU
		{FCB8CF30-866B-46F1-90A5-C3D1ECB12DAA}.Release|Any CPU.ActiveCfg = Release|Any CPU
		{FCB8CF30-866B-46F1-90A5-C3D1ECB12DAA}.Release|Any CPU.Build.0 = Release|Any CPU
	EndGlobalSection
EndGlobal
